{
  "name": "geoip",
  "version": "1.0.0",
  "lockfileVersion": 1,
  "requires": true,
  "dependencies": {
    "big-integer": {
      "version": "1.6.36",
      "resolved": "https://registry.npmjs.org/big-integer/-/big-integer-1.6.36.tgz",
      "integrity": "sha512-t70bfa7HYEA1D9idDbmuv7YbsbVkQ+Hp+8KFSul4aE5e/i1bjCNIRYJZlA8Q8p0r9T8cF/RVvwUgRA//FydEyg=="
    },
    "bluebird": {
      "version": "3.5.2",
      "resolved": "https://registry.npmjs.org/bluebird/-/bluebird-3.5.2.tgz",
      "integrity": "sha512-dhHTWMI7kMx5whMQntl7Vr9C6BvV10lFXDAasnqnrMYhXVCzzk6IO9Fo2L75jXHT07WrOngL1WDXOp+yYS91Yg=="
    },
    "fs-extra": {
      "version": "3.0.1",
      "resolved": "https://registry.npmjs.org/fs-extra/-/fs-extra-3.0.1.tgz",
      "integrity": "sha1-N5TzeMWLNC6n27sjCVEJxLO2IpE=",
      "dev": true,
      "requires": {
        "graceful-fs": "^4.1.2",
        "jsonfile": "^3.0.0",
        "universalify": "^0.1.0"
      }
    },
    "graceful-fs": {
      "version": "4.1.11",
      "resolved": "https://registry.npmjs.org/graceful-fs/-/graceful-fs-4.1.11.tgz",
      "integrity": "sha1-Dovf5NHduIVNZOBOp8AOKgJuVlg=",
      "dev": true
    },
    "jsonfile": {
      "version": "3.0.1",
      "resolved": "https://registry.npmjs.org/jsonfile/-/jsonfile-3.0.1.tgz",
      "integrity": "sha1-pezG9l9T9mLEQVx2daAzHQmS7GY=",
      "dev": true,
      "requires": {
        "graceful-fs": "^4.1.6"
      }
    },
    "lodash.pick": {
      "version": "4.4.0",
      "resolved": "https://registry.npmjs.org/lodash.pick/-/lodash.pick-4.4.0.tgz",
      "integrity": "sha1-UvBWEP/53tQiYRRB7R/BI6AwAbM="
    },
    "maxmind": {
      "version": "2.7.0",
      "resolved": "https://registry.npmjs.org/maxmind/-/maxmind-2.7.0.tgz",
      "integrity": "sha512-blmBnRbEkYBGz+7kxNQzuYUwyMyJ5PYGhrMYe6RXmMSBxZXe2665INgNP5/8WuYdWnDJ1Z8osC/LVKdsbT2fnQ==",
      "requires": {
        "big-integer": "^1.6.31",
        "tiny-lru": "^1.6.1"
      }
    },
    "serverless-plugin-warmup": {
      "version": "3.6.1-rc.1",
      "resolved": "https://registry.npmjs.org/serverless-plugin-warmup/-/serverless-plugin-warmup-3.6.1-rc.1.tgz",
      "integrity": "sha512-5QlC9stCX0cMphRiA3ExAB74w7V/wl27dDXnNd/wISv/2gIuyvoC0TWEQssMJEMnRy9ng94MKTEJNp/Z+nOFgA==",
      "dev": true,
      "requires": {
        "bluebird": "^3.5.0",
        "fs-extra": "^3.0.1"
      }
    },
    "tiny-lru": {
      "version": "1.6.1",
      "resolved": "https://registry.npmjs.org/tiny-lru/-/tiny-lru-1.6.1.tgz",
      "integrity": "sha512-m8oyPnHjnQlbDk8+MCw33qRMp6+BxPxoayN9C743VToeyQ5zZV6F6vkklrYVEI0z9MQ3+jmc+22tKmvPg4gmoA=="
    },
    "universalify": {
      "version": "0.1.2",
      "resolved": "https://registry.npmjs.org/universalify/-/universalify-0.1.2.tgz",
      "integrity": "sha512-rBJeI5CXAlmy1pV+617WB9J63U6XcazHHF2f2dbJix4XzpUF0RS3Zbj0FGIOCAva5P/d/GBOYaACQ1w+0azUkg==",
      "dev": true
    }
  }
}
